
Microsoft Visual Studio Solution File, Format Version 12.00
# Visual Studio Version 17
VisualStudioVersion = 17.9.34616.47
MinimumVisualStudioVersion = 10.0.40219.1
Project("{9A19103F-16F7-4668-BE54-9A1E7A4F7556}") = "Persistence", "Persistence\Persistence.csproj", "{1C99A5A1-CFF6-4467-A620-D40124F4049B}"
EndProject
Project("{9A19103F-16F7-4668-BE54-9A1E7A4F7556}") = "Domain", "Domain\Domain.csproj", "{E4F155CA-AFBB-4701-A703-B07A7D9B0B58}"
EndProject
Project("{9A19103F-16F7-4668-BE54-9A1E7A4F7556}") = "Application", "Application\Application.csproj", "{96B08BF7-49DD-4E3A-8AE9-89F27C224EEE}"
EndProject
Project("{9A19103F-16F7-4668-BE54-9A1E7A4F7556}") = "Infrastructure", "Infrastructure\Infrastructure.csproj", "{640BF4FA-49CE-47E4-AF25-DE26AFF91CBD}"
EndProject
Project("{FAE04EC0-301F-11D3-BF4B-00C04F79EFBC}") = "WebApii", "WebApii\WebApii.csproj", "{B6AADCB1-297C-464B-BE04-BDA65606354C}"
EndProject
Global
	GlobalSection(SolutionConfigurationPlatforms) = preSolution
		Debug|Any CPU = Debug|Any CPU
		Release|Any CPU = Release|Any CPU
	EndGlobalSection
	GlobalSection(ProjectConfigurationPlatforms) = postSolution
		{1C99A5A1-CFF6-4467-A620-D40124F4049B}.Debug|Any CPU.ActiveCfg = Debug|Any CPU
		{1C99A5A1-CFF6-4467-A620-D40124F4049B}.Debug|Any CPU.Build.0 = Debug|Any CPU
		{1C99A5A1-CFF6-4467-A620-D40124F4049B}.Release|Any CPU.ActiveCfg = Release|Any CPU
		{1C99A5A1-CFF6-4467-A620-D40124F4049B}.Release|Any CPU.Build.0 = Release|Any CPU
		{E4F155CA-AFBB-4701-A703-B07A7D9B0B58}.Debug|Any CPU.ActiveCfg = Debug|Any CPU
		{E4F155CA-AFBB-4701-A703-B07A7D9B0B58}.Debug|Any CPU.Build.0 = Debug|Any CPU
		{E4F155CA-AFBB-4701-A703-B07A7D9B0B58}.Release|Any CPU.ActiveCfg = Release|Any CPU
		{E4F155CA-AFBB-4701-A703-B07A7D9B0B58}.Release|Any CPU.Build.0 = Release|Any CPU
		{96B08BF7-49DD-4E3A-8AE9-89F27C224EEE}.Debug|Any CPU.ActiveCfg = Debug|Any CPU
		{96B08BF7-49DD-4E3A-8AE9-89F27C224EEE}.Debug|Any CPU.Build.0 = Debug|Any CPU
		{96B08BF7-49DD-4E3A-8AE9-89F27C224EEE}.Release|Any CPU.ActiveCfg = Release|Any CPU
		{96B08BF7-49DD-4E3A-8AE9-89F27C224EEE}.Release|Any CPU.Build.0 = Release|Any CPU
		{640BF4FA-49CE-47E4-AF25-DE26AFF91CBD}.Debug|Any CPU.ActiveCfg = Debug|Any CPU
		{640BF4FA-49CE-47E4-AF25-DE26AFF91CBD}.Debug|Any CPU.Build.0 = Debug|Any CPU
		{640BF4FA-49CE-47E4-AF25-DE26AFF91CBD}.Release|Any CPU.ActiveCfg = Release|Any CPU
		{640BF4FA-49CE-47E4-AF25-DE26AFF91CBD}.Release|Any CPU.Build.0 = Release|Any CPU
		{B6AADCB1-297C-464B-BE04-BDA65606354C}.Debug|Any CPU.ActiveCfg = Debug|Any CPU
		{B6AADCB1-297C-464B-BE04-BDA65606354C}.Debug|Any CPU.Build.0 = Debug|Any CPU
		{B6AADCB1-297C-464B-BE04-BDA65606354C}.Release|Any CPU.ActiveCfg = Release|Any CPU
		{B6AADCB1-297C-464B-BE04-BDA65606354C}.Release|Any CPU.Build.0 = Release|Any CPU
	EndGlobalSection
	GlobalSection(SolutionProperties) = preSolution
		HideSolutionNode = FALSE
	EndGlobalSection
	GlobalSection(ExtensibilityGlobals) = postSolution
		SolutionGuid = {1F6F1D3A-7354-4C0B-8B9E-CFB12901A6F5}
	EndGlobalSection
EndGlobal
