
Microsoft Visual Studio Solution File, Format Version 12.00
# Visual Studio Version 17
VisualStudioVersion = 17.9.34616.47
MinimumVisualStudioVersion = 10.0.40219.1
Project("{9A19103F-16F7-4668-BE54-9A1E7A4F7556}") = "Core.Persistence", "Core.Persistence\Core.Persistence.csproj", "{20315E23-B7F8-4C47-9FCE-C6A32DAD472E}"
EndProject
Project("{FAE04EC0-301F-11D3-BF4B-00C04F79EFBC}") = "Core.Application", "Core.Application\Core.Application.csproj", "{8F2E6F0F-EB3C-4308-AC9E-7E6FCBD44B9F}"
EndProject
Global
	GlobalSection(SolutionConfigurationPlatforms) = preSolution
		Debug|Any CPU = Debug|Any CPU
		Release|Any CPU = Release|Any CPU
	EndGlobalSection
	GlobalSection(ProjectConfigurationPlatforms) = postSolution
		{20315E23-B7F8-4C47-9FCE-C6A32DAD472E}.Debug|Any CPU.ActiveCfg = Debug|Any CPU
		{20315E23-B7F8-4C47-9FCE-C6A32DAD472E}.Debug|Any CPU.Build.0 = Debug|Any CPU
		{20315E23-B7F8-4C47-9FCE-C6A32DAD472E}.Release|Any CPU.ActiveCfg = Release|Any CPU
		{20315E23-B7F8-4C47-9FCE-C6A32DAD472E}.Release|Any CPU.Build.0 = Release|Any CPU
		{8F2E6F0F-EB3C-4308-AC9E-7E6FCBD44B9F}.Debug|Any CPU.ActiveCfg = Debug|Any CPU
		{8F2E6F0F-EB3C-4308-AC9E-7E6FCBD44B9F}.Debug|Any CPU.Build.0 = Debug|Any CPU
		{8F2E6F0F-EB3C-4308-AC9E-7E6FCBD44B9F}.Release|Any CPU.ActiveCfg = Release|Any CPU
		{8F2E6F0F-EB3C-4308-AC9E-7E6FCBD44B9F}.Release|Any CPU.Build.0 = Release|Any CPU
	EndGlobalSection
	GlobalSection(SolutionProperties) = preSolution
		HideSolutionNode = FALSE
	EndGlobalSection
	GlobalSection(ExtensibilityGlobals) = postSolution
		SolutionGuid = {078936C7-2FD5-4D47-8B36-E41B9692E06A}
	EndGlobalSection
EndGlobal
